# THIS IS AN AUTOGENERATED FILE. DO NOT EDIT THIS FILE DIRECTLY.
# yarn lockfile v1


"@brightlayer-ui/types@^2.0.0":
  version "2.0.0"
  resolved "https://registry.yarnpkg.com/@brightlayer-ui/types/-/types-2.0.0.tgz#d8adc0cdb96c164943adbad6e74043128a8b4112"
  integrity sha512-DTCVwND6YC9qrkQl7pkFlN6QxDReJHtjuAiFU9HkXJN368vlw+fzHQ5/j4sB1sZl2eNwOgccv5ecl2XrlolOCw==

typescript@^5.0.3:
  version "5.1.6"
  resolved "https://registry.yarnpkg.com/typescript/-/typescript-5.1.6.tgz#02f8ac202b6dad2c0dd5e0913745b47a37998274"
  integrity sha512-zaWCozRZ6DLEWAWFrVDz1H6FVXzUSfTy5FUMWsQlU8Ym5JP9eO4xkTIROFCQvhQf61z6O/G6ugw3SgAnvvm+HA==
