# THIS IS AN AUTOGENERATED FILE. DO NOT EDIT THIS FILE DIRECTLY.
# yarn lockfile v1


"@brightlayer-ui/types@^1.0.0":
  version "1.0.0"
  resolved "https://registry.yarnpkg.com/@brightlayer-ui/types/-/types-1.0.0.tgz#b3208cdfad1e84d4e42ca5af0bb0f244595862ab"
  integrity sha512-g6vNYbtsFIMs/OJOdmYlcdmIov9xc35SfTITpqwL44kbqJa9WqwlvvNmyseuTN/9aIcoVFipIZZw/h5qcHufRQ==

typescript@^4.6.3:
  version "4.6.3"
  resolved "https://registry.yarnpkg.com/typescript/-/typescript-4.6.3.tgz#eefeafa6afdd31d725584c67a0eaba80f6fc6c6c"
  integrity sha512-yNIatDa5iaofVozS/uQJEl3JRWLKKGJKh6Yaiv0GLGSuhpFJe7P3SbHZ8/yjAHRQwKRoA6YZqlfjXWmVzoVSMw==
