# THIS IS AN AUTOGENERATED FILE. DO NOT EDIT THIS FILE DIRECTLY.
# yarn lockfile v1


"@brightlayer-ui/types@^2.0.0":
  version "2.0.0"
  resolved "https://registry.yarnpkg.com/@brightlayer-ui/types/-/types-2.0.0.tgz#d8adc0cdb96c164943adbad6e74043128a8b4112"
  integrity sha512-DTCVwND6YC9qrkQl7pkFlN6QxDReJHtjuAiFU9HkXJN368vlw+fzHQ5/j4sB1sZl2eNwOgccv5ecl2XrlolOCw==

typescript@^3.7.3:
  version "3.7.3"
  resolved "https://registry.yarnpkg.com/typescript/-/typescript-3.7.3.tgz#b36840668a16458a7025b9eabfad11b66ab85c69"
  integrity sha512-Mcr/Qk7hXqFBXMN7p7Lusj1ktCBydylfQM/FZCk5glCNQJrCUKPkMHdo9R0MTFWsC/4kPFvDS0fDPvukfCkFsw==
